
Microsoft Visual Studio Solution File, Format Version 12.00
# Visual Studio Version 17
VisualStudioVersion = 17.14.36429.23
MinimumVisualStudioVersion = 10.0.40219.1
Project("{2150E333-8FDC-42A3-9474-1A3956D46DE8}") = "Task0", "Task0", "{02EA681E-C7D8-13C7-8484-4AC65E1B71E8}"
EndProject
Project("{FAE04EC0-301F-11D3-BF4B-00C04F79EFBC}") = "Tyuiu.GalchinskayaVV.Sprint1.Task0.V19", "Tyuiu.GalchinskayaVV.Sprint1.Task0.V19\Tyuiu.GalchinskayaVV.Sprint1.Task0.V19.csproj", "{193B10BE-AB40-4AC0-A825-4C1B4723D156}"
EndProject
Project("{FAE04EC0-301F-11D3-BF4B-00C04F79EFBC}") = "Tyuiu.GalchinskayaVV.Sprint1.Task0.V19.Lib", "Tyuiu.GalchinskayaVV.Sprint1.Task0.V19.Lib\Tyuiu.GalchinskayaVV.Sprint1.Task0.V19.Lib.csproj", "{AE5BCB74-88F5-4655-946D-0DC67E666E9E}"
EndProject
Project("{FAE04EC0-301F-11D3-BF4B-00C04F79EFBC}") = "Tyuiu.GalchinskayaVV.Sprint1.Task0.V19.Test", "Tyuiu.GalchinskayaVV.Sprint1.Task0.V19.Test\Tyuiu.GalchinskayaVV.Sprint1.Task0.V19.Test.csproj", "{10E4E41F-2802-4BB4-968A-E81459AC2934}"
EndProject
Project("{2150E333-8FDC-42A3-9474-1A3956D46DE8}") = "Task1", "Task1", "{147FE4CF-B9BE-422A-A48A-90E7015A0217}"
EndProject
Project("{FAE04EC0-301F-11D3-BF4B-00C04F79EFBC}") = "Tyuiu.GalchinskayaVV.Sprint1.Task1.V26", "Tyuiu.GalchinskayaVV.Sprint1.Task1.V26\Tyuiu.GalchinskayaVV.Sprint1.Task1.V26.csproj", "{FF9D8646-AF48-4C1D-91F7-7AD0365E5971}"
EndProject
Project("{FAE04EC0-301F-11D3-BF4B-00C04F79EFBC}") = "Tyuiu.GalchinskayaVV.Sprint1.Task1.V26.Lib", "Tyuiu.GalchinskayaVV.Sprint1.Task1.V26.Lib\Tyuiu.GalchinskayaVV.Sprint1.Task1.V26.Lib.csproj", "{709D5BC4-806C-4FE6-A416-AA128F4D4A26}"
EndProject
Project("{FAE04EC0-301F-11D3-BF4B-00C04F79EFBC}") = "Tyuiu.GalchinskayaVV.Sprint1.Task1.V26.Test", "Tyuiu.GalchinskayaVV.Sprint1.Task1.V26.Test\Tyuiu.GalchinskayaVV.Sprint1.Task1.V26.Test.csproj", "{EB95D82E-8A7A-4812-AC66-F9CD1BE04896}"
EndProject
Project("{2150E333-8FDC-42A3-9474-1A3956D46DE8}") = "Task2", "Task2", "{81125853-08B9-4D23-9702-AD444AD9C6F8}"
EndProject
Project("{FAE04EC0-301F-11D3-BF4B-00C04F79EFBC}") = "Tyuiu.GalchinskayaVV.Sprint1.Task2.V21.Test", "Tyuiu.GalchinskayaVV.Sprint1.Task2.V21.Test\Tyuiu.GalchinskayaVV.Sprint1.Task2.V21.Test.csproj", "{AAD90429-4EA7-4041-9300-DFBFEDC8697A}"
EndProject
Project("{FAE04EC0-301F-11D3-BF4B-00C04F79EFBC}") = "Tyuiu.GalchinskayaVV.Sprint1.Task2.V21.Lib", "Tyuiu.GalchinskayaVV.Sprint1.Task2.V21.Lib\Tyuiu.GalchinskayaVV.Sprint1.Task2.V21.Lib.csproj", "{BE24E31C-22FB-4DC9-B098-B62A232AF3EC}"
EndProject
Project("{FAE04EC0-301F-11D3-BF4B-00C04F79EFBC}") = "Tyuiu.GalchinskayaVV.Sprint1.Task2.V21", "Tyuiu.GalchinskayaVV.Sprint1.Task2.V21\Tyuiu.GalchinskayaVV.Sprint1.Task2.V21.csproj", "{2D93068B-AC18-4132-891E-EA03C5EB92A2}"
EndProject
Project("{2150E333-8FDC-42A3-9474-1A3956D46DE8}") = "Task3", "Task3", "{1C5F4035-D0EC-45DB-8FEA-491C5A30BC24}"
EndProject
Project("{FAE04EC0-301F-11D3-BF4B-00C04F79EFBC}") = "Tyuiu.GalchinskayaVV.Sprint1.Task3.V7.Test", "Tyuiu.GalchinskayaVV.Sprint1.Task3.V7.Test\Tyuiu.GalchinskayaVV.Sprint1.Task3.V7.Test.csproj", "{28AAA034-B9C9-4E26-828B-BD1C5C10FAE6}"
EndProject
Project("{FAE04EC0-301F-11D3-BF4B-00C04F79EFBC}") = "Tyuiu.GalchinskayaVV.Sprint1.Task3.V7", "Tyuiu.GalchinskayaVV.Sprint1.Task3.V7\Tyuiu.GalchinskayaVV.Sprint1.Task3.V7.csproj", "{D00E39E2-ED51-46E5-BF6B-FD0AD9802D26}"
EndProject
Project("{FAE04EC0-301F-11D3-BF4B-00C04F79EFBC}") = "Tyuiu.GalchinskayaVV.Sprint1.Task3.V7.Lib", "Tyuiu.GalchinskayaVV.Sprint1.Task3.V7.Lib\Tyuiu.GalchinskayaVV.Sprint1.Task3.V7.Lib.csproj", "{0772FB19-9DD7-431E-B1F0-1BD9E344355B}"
EndProject
Project("{2150E333-8FDC-42A3-9474-1A3956D46DE8}") = "Task4", "Task4", "{CB2AFC59-16BE-478C-922F-DEA62045EE43}"
EndProject
Project("{FAE04EC0-301F-11D3-BF4B-00C04F79EFBC}") = "Tyuiu.GalchinskayaVV.Sprint1.Task4.V19.Test", "Tyuiu.GalchinskayaVV.Sprint1.Task4.V19.Test\Tyuiu.GalchinskayaVV.Sprint1.Task4.V19.Test.csproj", "{D53AB6C1-2930-4D61-A294-E2765C783AB4}"
EndProject
Project("{FAE04EC0-301F-11D3-BF4B-00C04F79EFBC}") = "Tyuiu.GalchinskayaVV.Sprint1.Task4.V19.Lib", "Tyuiu.GalchinskayaVV.Sprint1.Task4.V19.Lib\Tyuiu.GalchinskayaVV.Sprint1.Task4.V19.Lib.csproj", "{7F05773B-B294-47AE-ACD6-8DD192BDB68C}"
EndProject
Project("{FAE04EC0-301F-11D3-BF4B-00C04F79EFBC}") = "Tyuiu.GalchinskayaVV.Sprint1.Task4.V19", "Tyuiu.GalchinskayaVV.Sprint1.Task4.V19\Tyuiu.GalchinskayaVV.Sprint1.Task4.V19.csproj", "{99DC5103-9642-4E60-A3C5-1A8553406ABE}"
EndProject
Project("{2150E333-8FDC-42A3-9474-1A3956D46DE8}") = "Task5", "Task5", "{D4A554E8-172F-479F-8542-B70947B29849}"
EndProject
Project("{FAE04EC0-301F-11D3-BF4B-00C04F79EFBC}") = "Tyuiu.GalchinskayaVV.Sprint1.Task5.V6.Test", "Tyuiu.GalchinskayaVV.Sprint1.Task5.V6.Test\Tyuiu.GalchinskayaVV.Sprint1.Task5.V6.Test.csproj", "{DF32FED4-6E94-4CC5-BF8A-DF3910DB056F}"
EndProject
Project("{FAE04EC0-301F-11D3-BF4B-00C04F79EFBC}") = "Tyuiu.GalchinskayaVV.Sprint1.Task5.V6", "Tyuiu.GalchinskayaVV.Sprint1.Task5.V6\Tyuiu.GalchinskayaVV.Sprint1.Task5.V6.csproj", "{FBE13EB7-238F-4338-AD06-BF9896004AF7}"
EndProject
Project("{FAE04EC0-301F-11D3-BF4B-00C04F79EFBC}") = "Tyuiu.GalchinskayaVV.Sprint1.Task5.V6.Lib", "Tyuiu.GalchinskayaVV.Sprint1.Task5.V6.Lib\Tyuiu.GalchinskayaVV.Sprint1.Task5.V6.Lib.csproj", "{1B993FCF-88F2-40CE-8783-8A71B0501FE9}"
EndProject
Project("{2150E333-8FDC-42A3-9474-1A3956D46DE8}") = "Task6", "Task6", "{B0BA29E4-7EBB-49CE-B473-8E566204862D}"
EndProject
Project("{FAE04EC0-301F-11D3-BF4B-00C04F79EFBC}") = "Tyuiu.GalchinskayaVV.Sprint1.Task6.V10.Lib", "Tyuiu.GalchinskayaVV.Sprint1.Task6.V10.Lib\Tyuiu.GalchinskayaVV.Sprint1.Task6.V10.Lib.csproj", "{7135476E-FE24-4A86-8E94-145A84ED08F6}"
EndProject
Project("{FAE04EC0-301F-11D3-BF4B-00C04F79EFBC}") = "Tyuiu.GalchinskayaVV.Sprint1.Task6.V10", "Tyuiu.GalchinskayaVV.Sprint1.Task6.V10\Tyuiu.GalchinskayaVV.Sprint1.Task6.V10.csproj", "{803D63B6-A94C-4B40-B7B9-B041164DB0F6}"
EndProject
Project("{FAE04EC0-301F-11D3-BF4B-00C04F79EFBC}") = "Tyuiu.GalchinskayaVV.Sprint1.Task6.V10.Test", "Tyuiu.GalchinskayaVV.Sprint1.Task6.V10.Test\Tyuiu.GalchinskayaVV.Sprint1.Task6.V10.Test.csproj", "{A43D10DC-39F2-44D4-9508-7D850A4F4928}"
EndProject
Project("{2150E333-8FDC-42A3-9474-1A3956D46DE8}") = "Task7", "Task7", "{EAC71DFC-F31B-4312-85DE-28E3A943782E}"
EndProject
Project("{FAE04EC0-301F-11D3-BF4B-00C04F79EFBC}") = "Tyuiu.GalchinskayaVV.Sprint1.Task7.V2.Test", "Tyuiu.GalchinskayaVV.Sprint1.Task7.V2.Test\Tyuiu.GalchinskayaVV.Sprint1.Task7.V2.Test.csproj", "{25476437-86FF-4B13-B455-C697C6029760}"
EndProject
Project("{FAE04EC0-301F-11D3-BF4B-00C04F79EFBC}") = "Tyuiu.GalchinskayaVV.Sprint1.Task7.V2", "Tyuiu.GalchinskayaVV.Sprint1.Task7.V2\Tyuiu.GalchinskayaVV.Sprint1.Task7.V2.csproj", "{0D0F45E5-997C-4C4F-8B77-A0C89CF6EF6B}"
EndProject
Project("{FAE04EC0-301F-11D3-BF4B-00C04F79EFBC}") = "Tyuiu.GalchinskayaVV.Sprint1.Task7.V2.Lib", "Tyuiu.GalchinskayaVV.Sprint1.Task7.V2.Lib\Tyuiu.GalchinskayaVV.Sprint1.Task7.V2.Lib.csproj", "{2038EDD0-7765-4F57-8AD0-B29C1C88009C}"
EndProject
Global
	GlobalSection(SolutionConfigurationPlatforms) = preSolution
		Debug|Any CPU = Debug|Any CPU
		Release|Any CPU = Release|Any CPU
	EndGlobalSection
	GlobalSection(ProjectConfigurationPlatforms) = postSolution
		{193B10BE-AB40-4AC0-A825-4C1B4723D156}.Debug|Any CPU.ActiveCfg = Debug|Any CPU
		{193B10BE-AB40-4AC0-A825-4C1B4723D156}.Debug|Any CPU.Build.0 = Debug|Any CPU
		{193B10BE-AB40-4AC0-A825-4C1B4723D156}.Release|Any CPU.ActiveCfg = Release|Any CPU
		{193B10BE-AB40-4AC0-A825-4C1B4723D156}.Release|Any CPU.Build.0 = Release|Any CPU
		{AE5BCB74-88F5-4655-946D-0DC67E666E9E}.Debug|Any CPU.ActiveCfg = Debug|Any CPU
		{AE5BCB74-88F5-4655-946D-0DC67E666E9E}.Debug|Any CPU.Build.0 = Debug|Any CPU
		{AE5BCB74-88F5-4655-946D-0DC67E666E9E}.Release|Any CPU.ActiveCfg = Release|Any CPU
		{AE5BCB74-88F5-4655-946D-0DC67E666E9E}.Release|Any CPU.Build.0 = Release|Any CPU
		{10E4E41F-2802-4BB4-968A-E81459AC2934}.Debug|Any CPU.ActiveCfg = Debug|Any CPU
		{10E4E41F-2802-4BB4-968A-E81459AC2934}.Debug|Any CPU.Build.0 = Debug|Any CPU
		{10E4E41F-2802-4BB4-968A-E81459AC2934}.Release|Any CPU.ActiveCfg = Release|Any CPU
		{10E4E41F-2802-4BB4-968A-E81459AC2934}.Release|Any CPU.Build.0 = Release|Any CPU
		{FF9D8646-AF48-4C1D-91F7-7AD0365E5971}.Debug|Any CPU.ActiveCfg = Debug|Any CPU
		{FF9D8646-AF48-4C1D-91F7-7AD0365E5971}.Debug|Any CPU.Build.0 = Debug|Any CPU
		{FF9D8646-AF48-4C1D-91F7-7AD0365E5971}.Release|Any CPU.ActiveCfg = Release|Any CPU
		{FF9D8646-AF48-4C1D-91F7-7AD0365E5971}.Release|Any CPU.Build.0 = Release|Any CPU
		{709D5BC4-806C-4FE6-A416-AA128F4D4A26}.Debug|Any CPU.ActiveCfg = Debug|Any CPU
		{709D5BC4-806C-4FE6-A416-AA128F4D4A26}.Debug|Any CPU.Build.0 = Debug|Any CPU
		{709D5BC4-806C-4FE6-A416-AA128F4D4A26}.Release|Any CPU.ActiveCfg = Release|Any CPU
		{709D5BC4-806C-4FE6-A416-AA128F4D4A26}.Release|Any CPU.Build.0 = Release|Any CPU
		{EB95D82E-8A7A-4812-AC66-F9CD1BE04896}.Debug|Any CPU.ActiveCfg = Debug|Any CPU
		{EB95D82E-8A7A-4812-AC66-F9CD1BE04896}.Debug|Any CPU.Build.0 = Debug|Any CPU
		{EB95D82E-8A7A-4812-AC66-F9CD1BE04896}.Release|Any CPU.ActiveCfg = Release|Any CPU
		{EB95D82E-8A7A-4812-AC66-F9CD1BE04896}.Release|Any CPU.Build.0 = Release|Any CPU
		{AAD90429-4EA7-4041-9300-DFBFEDC8697A}.Debug|Any CPU.ActiveCfg = Debug|Any CPU
		{AAD90429-4EA7-4041-9300-DFBFEDC8697A}.Debug|Any CPU.Build.0 = Debug|Any CPU
		{AAD90429-4EA7-4041-9300-DFBFEDC8697A}.Release|Any CPU.ActiveCfg = Release|Any CPU
		{AAD90429-4EA7-4041-9300-DFBFEDC8697A}.Release|Any CPU.Build.0 = Release|Any CPU
		{BE24E31C-22FB-4DC9-B098-B62A232AF3EC}.Debug|Any CPU.ActiveCfg = Debug|Any CPU
		{BE24E31C-22FB-4DC9-B098-B62A232AF3EC}.Debug|Any CPU.Build.0 = Debug|Any CPU
		{BE24E31C-22FB-4DC9-B098-B62A232AF3EC}.Release|Any CPU.ActiveCfg = Release|Any CPU
		{BE24E31C-22FB-4DC9-B098-B62A232AF3EC}.Release|Any CPU.Build.0 = Release|Any CPU
		{2D93068B-AC18-4132-891E-EA03C5EB92A2}.Debug|Any CPU.ActiveCfg = Debug|Any CPU
		{2D93068B-AC18-4132-891E-EA03C5EB92A2}.Debug|Any CPU.Build.0 = Debug|Any CPU
		{2D93068B-AC18-4132-891E-EA03C5EB92A2}.Release|Any CPU.ActiveCfg = Release|Any CPU
		{2D93068B-AC18-4132-891E-EA03C5EB92A2}.Release|Any CPU.Build.0 = Release|Any CPU
		{28AAA034-B9C9-4E26-828B-BD1C5C10FAE6}.Debug|Any CPU.ActiveCfg = Debug|Any CPU
		{28AAA034-B9C9-4E26-828B-BD1C5C10FAE6}.Debug|Any CPU.Build.0 = Debug|Any CPU
		{28AAA034-B9C9-4E26-828B-BD1C5C10FAE6}.Release|Any CPU.ActiveCfg = Release|Any CPU
		{28AAA034-B9C9-4E26-828B-BD1C5C10FAE6}.Release|Any CPU.Build.0 = Release|Any CPU
		{D00E39E2-ED51-46E5-BF6B-FD0AD9802D26}.Debug|Any CPU.ActiveCfg = Debug|Any CPU
		{D00E39E2-ED51-46E5-BF6B-FD0AD9802D26}.Debug|Any CPU.Build.0 = Debug|Any CPU
		{D00E39E2-ED51-46E5-BF6B-FD0AD9802D26}.Release|Any CPU.ActiveCfg = Release|Any CPU
		{D00E39E2-ED51-46E5-BF6B-FD0AD9802D26}.Release|Any CPU.Build.0 = Release|Any CPU
		{0772FB19-9DD7-431E-B1F0-1BD9E344355B}.Debug|Any CPU.ActiveCfg = Debug|Any CPU
		{0772FB19-9DD7-431E-B1F0-1BD9E344355B}.Debug|Any CPU.Build.0 = Debug|Any CPU
		{0772FB19-9DD7-431E-B1F0-1BD9E344355B}.Release|Any CPU.ActiveCfg = Release|Any CPU
		{0772FB19-9DD7-431E-B1F0-1BD9E344355B}.Release|Any CPU.Build.0 = Release|Any CPU
		{D53AB6C1-2930-4D61-A294-E2765C783AB4}.Debug|Any CPU.ActiveCfg = Debug|Any CPU
		{D53AB6C1-2930-4D61-A294-E2765C783AB4}.Debug|Any CPU.Build.0 = Debug|Any CPU
		{D53AB6C1-2930-4D61-A294-E2765C783AB4}.Release|Any CPU.ActiveCfg = Release|Any CPU
		{D53AB6C1-2930-4D61-A294-E2765C783AB4}.Release|Any CPU.Build.0 = Release|Any CPU
		{7F05773B-B294-47AE-ACD6-8DD192BDB68C}.Debug|Any CPU.ActiveCfg = Debug|Any CPU
		{7F05773B-B294-47AE-ACD6-8DD192BDB68C}.Debug|Any CPU.Build.0 = Debug|Any CPU
		{7F05773B-B294-47AE-ACD6-8DD192BDB68C}.Release|Any CPU.ActiveCfg = Release|Any CPU
		{7F05773B-B294-47AE-ACD6-8DD192BDB68C}.Release|Any CPU.Build.0 = Release|Any CPU
		{99DC5103-9642-4E60-A3C5-1A8553406ABE}.Debug|Any CPU.ActiveCfg = Debug|Any CPU
		{99DC5103-9642-4E60-A3C5-1A8553406ABE}.Debug|Any CPU.Build.0 = Debug|Any CPU
		{99DC5103-9642-4E60-A3C5-1A8553406ABE}.Release|Any CPU.ActiveCfg = Release|Any CPU
		{99DC5103-9642-4E60-A3C5-1A8553406ABE}.Release|Any CPU.Build.0 = Release|Any CPU
		{DF32FED4-6E94-4CC5-BF8A-DF3910DB056F}.Debug|Any CPU.ActiveCfg = Debug|Any CPU
		{DF32FED4-6E94-4CC5-BF8A-DF3910DB056F}.Debug|Any CPU.Build.0 = Debug|Any CPU
		{DF32FED4-6E94-4CC5-BF8A-DF3910DB056F}.Release|Any CPU.ActiveCfg = Release|Any CPU
		{DF32FED4-6E94-4CC5-BF8A-DF3910DB056F}.Release|Any CPU.Build.0 = Release|Any CPU
		{FBE13EB7-238F-4338-AD06-BF9896004AF7}.Debug|Any CPU.ActiveCfg = Debug|Any CPU
		{FBE13EB7-238F-4338-AD06-BF9896004AF7}.Debug|Any CPU.Build.0 = Debug|Any CPU
		{FBE13EB7-238F-4338-AD06-BF9896004AF7}.Release|Any CPU.ActiveCfg = Release|Any CPU
		{FBE13EB7-238F-4338-AD06-BF9896004AF7}.Release|Any CPU.Build.0 = Release|Any CPU
		{1B993FCF-88F2-40CE-8783-8A71B0501FE9}.Debug|Any CPU.ActiveCfg = Debug|Any CPU
		{1B993FCF-88F2-40CE-8783-8A71B0501FE9}.Debug|Any CPU.Build.0 = Debug|Any CPU
		{1B993FCF-88F2-40CE-8783-8A71B0501FE9}.Release|Any CPU.ActiveCfg = Release|Any CPU
		{1B993FCF-88F2-40CE-8783-8A71B0501FE9}.Release|Any CPU.Build.0 = Release|Any CPU
		{7135476E-FE24-4A86-8E94-145A84ED08F6}.Debug|Any CPU.ActiveCfg = Debug|Any CPU
		{7135476E-FE24-4A86-8E94-145A84ED08F6}.Debug|Any CPU.Build.0 = Debug|Any CPU
		{7135476E-FE24-4A86-8E94-145A84ED08F6}.Release|Any CPU.ActiveCfg = Release|Any CPU
		{7135476E-FE24-4A86-8E94-145A84ED08F6}.Release|Any CPU.Build.0 = Release|Any CPU
		{803D63B6-A94C-4B40-B7B9-B041164DB0F6}.Debug|Any CPU.ActiveCfg = Debug|Any CPU
		{803D63B6-A94C-4B40-B7B9-B041164DB0F6}.Debug|Any CPU.Build.0 = Debug|Any CPU
		{803D63B6-A94C-4B40-B7B9-B041164DB0F6}.Release|Any CPU.ActiveCfg = Release|Any CPU
		{803D63B6-A94C-4B40-B7B9-B041164DB0F6}.Release|Any CPU.Build.0 = Release|Any CPU
		{A43D10DC-39F2-44D4-9508-7D850A4F4928}.Debug|Any CPU.ActiveCfg = Debug|Any CPU
		{A43D10DC-39F2-44D4-9508-7D850A4F4928}.Debug|Any CPU.Build.0 = Debug|Any CPU
		{A43D10DC-39F2-44D4-9508-7D850A4F4928}.Release|Any CPU.ActiveCfg = Release|Any CPU
		{A43D10DC-39F2-44D4-9508-7D850A4F4928}.Release|Any CPU.Build.0 = Release|Any CPU
		{25476437-86FF-4B13-B455-C697C6029760}.Debug|Any CPU.ActiveCfg = Debug|Any CPU
		{25476437-86FF-4B13-B455-C697C6029760}.Debug|Any CPU.Build.0 = Debug|Any CPU
		{25476437-86FF-4B13-B455-C697C6029760}.Release|Any CPU.ActiveCfg = Release|Any CPU
		{25476437-86FF-4B13-B455-C697C6029760}.Release|Any CPU.Build.0 = Release|Any CPU
		{0D0F45E5-997C-4C4F-8B77-A0C89CF6EF6B}.Debug|Any CPU.ActiveCfg = Debug|Any CPU
		{0D0F45E5-997C-4C4F-8B77-A0C89CF6EF6B}.Debug|Any CPU.Build.0 = Debug|Any CPU
		{0D0F45E5-997C-4C4F-8B77-A0C89CF6EF6B}.Release|Any CPU.ActiveCfg = Release|Any CPU
		{0D0F45E5-997C-4C4F-8B77-A0C89CF6EF6B}.Release|Any CPU.Build.0 = Release|Any CPU
		{2038EDD0-7765-4F57-8AD0-B29C1C88009C}.Debug|Any CPU.ActiveCfg = Debug|Any CPU
		{2038EDD0-7765-4F57-8AD0-B29C1C88009C}.Debug|Any CPU.Build.0 = Debug|Any CPU
		{2038EDD0-7765-4F57-8AD0-B29C1C88009C}.Release|Any CPU.ActiveCfg = Release|Any CPU
		{2038EDD0-7765-4F57-8AD0-B29C1C88009C}.Release|Any CPU.Build.0 = Release|Any CPU
	EndGlobalSection
	GlobalSection(SolutionProperties) = preSolution
		HideSolutionNode = FALSE
	EndGlobalSection
	GlobalSection(NestedProjects) = preSolution
		{193B10BE-AB40-4AC0-A825-4C1B4723D156} = {02EA681E-C7D8-13C7-8484-4AC65E1B71E8}
		{AE5BCB74-88F5-4655-946D-0DC67E666E9E} = {02EA681E-C7D8-13C7-8484-4AC65E1B71E8}
		{10E4E41F-2802-4BB4-968A-E81459AC2934} = {02EA681E-C7D8-13C7-8484-4AC65E1B71E8}
		{FF9D8646-AF48-4C1D-91F7-7AD0365E5971} = {147FE4CF-B9BE-422A-A48A-90E7015A0217}
		{709D5BC4-806C-4FE6-A416-AA128F4D4A26} = {147FE4CF-B9BE-422A-A48A-90E7015A0217}
		{EB95D82E-8A7A-4812-AC66-F9CD1BE04896} = {147FE4CF-B9BE-422A-A48A-90E7015A0217}
		{AAD90429-4EA7-4041-9300-DFBFEDC8697A} = {81125853-08B9-4D23-9702-AD444AD9C6F8}
		{BE24E31C-22FB-4DC9-B098-B62A232AF3EC} = {81125853-08B9-4D23-9702-AD444AD9C6F8}
		{2D93068B-AC18-4132-891E-EA03C5EB92A2} = {81125853-08B9-4D23-9702-AD444AD9C6F8}
		{28AAA034-B9C9-4E26-828B-BD1C5C10FAE6} = {1C5F4035-D0EC-45DB-8FEA-491C5A30BC24}
		{D00E39E2-ED51-46E5-BF6B-FD0AD9802D26} = {1C5F4035-D0EC-45DB-8FEA-491C5A30BC24}
		{0772FB19-9DD7-431E-B1F0-1BD9E344355B} = {1C5F4035-D0EC-45DB-8FEA-491C5A30BC24}
		{D53AB6C1-2930-4D61-A294-E2765C783AB4} = {CB2AFC59-16BE-478C-922F-DEA62045EE43}
		{7F05773B-B294-47AE-ACD6-8DD192BDB68C} = {CB2AFC59-16BE-478C-922F-DEA62045EE43}
		{99DC5103-9642-4E60-A3C5-1A8553406ABE} = {CB2AFC59-16BE-478C-922F-DEA62045EE43}
		{DF32FED4-6E94-4CC5-BF8A-DF3910DB056F} = {D4A554E8-172F-479F-8542-B70947B29849}
		{FBE13EB7-238F-4338-AD06-BF9896004AF7} = {D4A554E8-172F-479F-8542-B70947B29849}
		{1B993FCF-88F2-40CE-8783-8A71B0501FE9} = {D4A554E8-172F-479F-8542-B70947B29849}
		{7135476E-FE24-4A86-8E94-145A84ED08F6} = {B0BA29E4-7EBB-49CE-B473-8E566204862D}
		{803D63B6-A94C-4B40-B7B9-B041164DB0F6} = {B0BA29E4-7EBB-49CE-B473-8E566204862D}
		{A43D10DC-39F2-44D4-9508-7D850A4F4928} = {B0BA29E4-7EBB-49CE-B473-8E566204862D}
		{25476437-86FF-4B13-B455-C697C6029760} = {EAC71DFC-F31B-4312-85DE-28E3A943782E}
		{0D0F45E5-997C-4C4F-8B77-A0C89CF6EF6B} = {EAC71DFC-F31B-4312-85DE-28E3A943782E}
		{2038EDD0-7765-4F57-8AD0-B29C1C88009C} = {EAC71DFC-F31B-4312-85DE-28E3A943782E}
	EndGlobalSection
	GlobalSection(ExtensibilityGlobals) = postSolution
		SolutionGuid = {44D845A2-44D3-4B99-A44C-06A9D47B5DA4}
	EndGlobalSection
EndGlobal
